// !$*UTF8*$!
{
	archiveVersion = 1;
	classes = {
	};
	objectVersion = 46;
	objects = {

/* Begin PBXBuildFile section */
		BF0426C920BD231A005B6CEC /* movies.c in Sources */ = {isa = PBXBuildFile; fileRef = BF0426C720BD231A005B6CEC /* movies.c */; };
		BF08DB9A20BB3CC0006CD1D2 /* main.c in Sources */ = {isa = PBXBuildFile; fileRef = BF08DB9920BB3CC0006CD1D2 /* main.c */; };
		BF08DBA220BB3D23006CD1D2 /* functions.c in Sources */ = {isa = PBXBuildFile; fileRef = BF08DBA020BB3D23006CD1D2 /* functions.c */; };
		BF08DBA820BB5A5B006CD1D2 /* inputFunctions.c in Sources */ = {isa = PBXBuildFile; fileRef = BF08DBA620BB5A5B006CD1D2 /* inputFunctions.c */; };
/* End PBXBuildFile section */

/* Begin PBXCopyFilesBuildPhase section */
		BF08DB9420BB3CC0006CD1D2 /* CopyFiles */ = {
			isa = PBXCopyFilesBuildPhase;
			buildActionMask = 2147483647;
			dstPath = /usr/share/man/man1/;
			dstSubfolderSpec = 0;
			files = (
			);
			runOnlyForDeploymentPostprocessing = 1;
		};
/* End PBXCopyFilesBuildPhase section */

/* Begin PBXFileReference section */
		BF0426C720BD231A005B6CEC /* movies.c */ = {isa = PBXFileReference; fileEncoding = 4; lastKnownFileType = sourcecode.c.c; path = movies.c; sourceTree = "<group>"; };
		BF0426C820BD231A005B6CEC /* movies.h */ = {isa = PBXFileReference; fileEncoding = 4; lastKnownFileType = sourcecode.c.h; path = movies.h; sourceTree = "<group>"; };
		BF08DB9620BB3CC0006CD1D2 /* tp_3_laboratorio_1 */ = {isa = PBXFileReference; explicitFileType = "compiled.mach-o.executable"; includeInIndex = 0; path = tp_3_laboratorio_1; sourceTree = BUILT_PRODUCTS_DIR; };
		BF08DB9920BB3CC0006CD1D2 /* main.c */ = {isa = PBXFileReference; lastKnownFileType = sourcecode.c.c; path = main.c; sourceTree = "<group>"; };
		BF08DBA020BB3D23006CD1D2 /* functions.c */ = {isa = PBXFileReference; fileEncoding = 4; lastKnownFileType = sourcecode.c.c; path = functions.c; sourceTree = "<group>"; };
		BF08DBA120BB3D23006CD1D2 /* functions.h */ = {isa = PBXFileReference; fileEncoding = 4; lastKnownFileType = sourcecode.c.h; path = functions.h; sourceTree = "<group>"; };
		BF08DBA620BB5A5B006CD1D2 /* inputFunctions.c */ = {isa = PBXFileReference; fileEncoding = 4; lastKnownFileType = sourcecode.c.c; path = inputFunctions.c; sourceTree = "<group>"; };
		BF08DBA720BB5A5B006CD1D2 /* inputFunctions.h */ = {isa = PBXFileReference; fileEncoding = 4; lastKnownFileType = sourcecode.c.h; path = inputFunctions.h; sourceTree = "<group>"; };
/* End PBXFileReference section */

/* Begin PBXFrameworksBuildPhase section */
		BF08DB9320BB3CC0006CD1D2 /* Frameworks */ = {
			isa = PBXFrameworksBuildPhase;
			buildActionMask = 2147483647;
			files = (
			);
			runOnlyForDeploymentPostprocessing = 0;
		};
/* End PBXFrameworksBuildPhase section */

/* Begin PBXGroup section */
		BF08DB8D20BB3CC0006CD1D2 = {
			isa = PBXGroup;
			children = (
				BF08DB9820BB3CC0006CD1D2 /* tp_3_laboratorio_1 */,
				BF08DB9720BB3CC0006CD1D2 /* Products */,
			);
			sourceTree = "<group>";
		};
		BF08DB9720BB3CC0006CD1D2 /* Products */ = {
			isa = PBXGroup;
			children = (
				BF08DB9620BB3CC0006CD1D2 /* tp_3_laboratorio_1 */,
			);
			name = Products;
			sourceTree = "<group>";
		};
		BF08DB9820BB3CC0006CD1D2 /* tp_3_laboratorio_1 */ = {
			isa = PBXGroup;
			children = (
				BF08DB9920BB3CC0006CD1D2 /* main.c */,
				BF08DBA020BB3D23006CD1D2 /* functions.c */,
				BF08DBA120BB3D23006CD1D2 /* functions.h */,
				BF0426C720BD231A005B6CEC /* movies.c */,
				BF0426C820BD231A005B6CEC /* movies.h */,
				BF08DBA620BB5A5B006CD1D2 /* inputFunctions.c */,
				BF08DBA720BB5A5B006CD1D2 /* inputFunctions.h */,
			);
			path = tp_3_laboratorio_1;
			sourceTree = "<group>";
		};
/* End PBXGroup section */

/* Begin PBXNativeTarget section */
		BF08DB9520BB3CC0006CD1D2 /* tp_3_laboratorio_1 */ = {
			isa = PBXNativeTarget;
			buildConfigurationList = BF08DB9D20BB3CC0006CD1D2 /* Build configuration list for PBXNativeTarget "tp_3_laboratorio_1" */;
			buildPhases = (
				BF08DB9220BB3CC0006CD1D2 /* Sources */,
				BF08DB9320BB3CC0006CD1D2 /* Frameworks */,
				BF08DB9420BB3CC0006CD1D2 /* CopyFiles */,
			);
			buildRules = (
			);
			dependencies = (
			);
			name = tp_3_laboratorio_1;
			productName = tp_3_laboratorio_1;
			productReference = BF08DB9620BB3CC0006CD1D2 /* tp_3_laboratorio_1 */;
			productType = "com.apple.product-type.tool";
		};
/* End PBXNativeTarget section */

/* Begin PBXProject section */
		BF08DB8E20BB3CC0006CD1D2 /* Project object */ = {
			isa = PBXProject;
			attributes = {
				LastUpgradeCheck = 0620;
				ORGANIZATIONNAME = "Gaston Pesoa";
				TargetAttributes = {
					BF08DB9520BB3CC0006CD1D2 = {
						CreatedOnToolsVersion = 6.2;
					};
				};
			};
			buildConfigurationList = BF08DB9120BB3CC0006CD1D2 /* Build configuration list for PBXProject "tp_3_laboratorio_1" */;
			compatibilityVersion = "Xcode 3.2";
			developmentRegion = English;
			hasScannedForEncodings = 0;
			knownRegions = (
				en,
			);
			mainGroup = BF08DB8D20BB3CC0006CD1D2;
			productRefGroup = BF08DB9720BB3CC0006CD1D2 /* Products */;
			projectDirPath = "";
			projectRoot = "";
			targets = (
				BF08DB9520BB3CC0006CD1D2 /* tp_3_laboratorio_1 */,
			);
		};
/* End PBXProject section */

/* Begin PBXSourcesBuildPhase section */
		BF08DB9220BB3CC0006CD1D2 /* Sources */ = {
			isa = PBXSourcesBuildPhase;
			buildActionMask = 2147483647;
			files = (
				BF0426C920BD231A005B6CEC /* movies.c in Sources */,
				BF08DBA820BB5A5B006CD1D2 /* inputFunctions.c in Sources */,
				BF08DB9A20BB3CC0006CD1D2 /* main.c in Sources */,
				BF08DBA220BB3D23006CD1D2 /* functions.c in Sources */,
			);
			runOnlyForDeploymentPostprocessing = 0;
		};
/* End PBXSourcesBuildPhase section */

/* Begin XCBuildConfiguration section */
		BF08DB9B20BB3CC0006CD1D2 /* Debug */ = {
			isa = XCBuildConfiguration;
			buildSettings = {
				ALWAYS_SEARCH_USER_PATHS = NO;
				CLANG_CXX_LANGUAGE_STANDARD = "gnu++0x";
				CLANG_CXX_LIBRARY = "libc++";
				CLANG_ENABLE_MODULES = YES;
				CLANG_ENABLE_OBJC_ARC = YES;
				CLANG_WARN_BOOL_CONVERSION = YES;
				CLANG_WARN_CONSTANT_CONVERSION = YES;
				CLANG_WARN_DIRECT_OBJC_ISA_USAGE = YES_ERROR;
				CLANG_WARN_EMPTY_BODY = YES;
				CLANG_WARN_ENUM_CONVERSION = YES;
				CLANG_WARN_INT_CONVERSION = YES;
				CLANG_WARN_OBJC_ROOT_CLASS = YES_ERROR;
				CLANG_WARN_UNREACHABLE_CODE = YES;
				CLANG_WARN__DUPLICATE_METHOD_MATCH = YES;
				COPY_PHASE_STRIP = NO;
				ENABLE_STRICT_OBJC_MSGSEND = YES;
				GCC_C_LANGUAGE_STANDARD = gnu99;
				GCC_DYNAMIC_NO_PIC = NO;
				GCC_OPTIMIZATION_LEVEL = 0;
				GCC_PREPROCESSOR_DEFINITIONS = (
					"DEBUG=1",
					"$(inherited)",
				);
				GCC_SYMBOLS_PRIVATE_EXTERN = NO;
				GCC_WARN_64_TO_32_BIT_CONVERSION = YES;
				GCC_WARN_ABOUT_RETURN_TYPE = YES_ERROR;
				GCC_WARN_UNDECLARED_SELECTOR = YES;
				GCC_WARN_UNINITIALIZED_AUTOS = YES_AGGRESSIVE;
				GCC_WARN_UNUSED_FUNCTION = YES;
				GCC_WARN_UNUSED_VARIABLE = YES;
				MACOSX_DEPLOYMENT_TARGET = 10.9;
				MTL_ENABLE_DEBUG_INFO = YES;
				ONLY_ACTIVE_ARCH = YES;
				SDKROOT = macosx;
			};
			name = Debug;
		};
		BF08DB9C20BB3CC0006CD1D2 /* Release */ = {
			isa = XCBuildConfiguration;
			buildSettings = {
				ALWAYS_SEARCH_USER_PATHS = NO;
				CLANG_CXX_LANGUAGE_STANDARD = "gnu++0x";
				CLANG_CXX_LIBRARY = "libc++";
				CLANG_ENABLE_MODULES = YES;
				CLANG_ENABLE_OBJC_ARC = YES;
				CLANG_WARN_BOOL_CONVERSION = YES;
				CLANG_WARN_CONSTANT_CONVERSION = YES;
				CLANG_WARN_DIRECT_OBJC_ISA_USAGE = YES_ERROR;
				CLANG_WARN_EMPTY_BODY = YES;
				CLANG_WARN_ENUM_CONVERSION = YES;
				CLANG_WARN_INT_CONVERSION = YES;
				CLANG_WARN_OBJC_ROOT_CLASS = YES_ERROR;
				CLANG_WARN_UNREACHABLE_CODE = YES;
				CLANG_WARN__DUPLICATE_METHOD_MATCH = YES;
				COPY_PHASE_STRIP = NO;
				DEBUG_INFORMATION_FORMAT = "dwarf-with-dsym";
				ENABLE_NS_ASSERTIONS = NO;
				ENABLE_STRICT_OBJC_MSGSEND = YES;
				GCC_C_LANGUAGE_STANDARD = gnu99;
				GCC_WARN_64_TO_32_BIT_CONVERSION = YES;
				GCC_WARN_ABOUT_RETURN_TYPE = YES_ERROR;
				GCC_WARN_UNDECLARED_SELECTOR = YES;
				GCC_WARN_UNINITIALIZED_AUTOS = YES_AGGRESSIVE;
				GCC_WARN_UNUSED_FUNCTION = YES;
				GCC_WARN_UNUSED_VARIABLE = YES;
				MACOSX_DEPLOYMENT_TARGET = 10.9;
				MTL_ENABLE_DEBUG_INFO = NO;
				SDKROOT = macosx;
			};
			name = Release;
		};
		BF08DB9E20BB3CC0006CD1D2 /* Debug */ = {
			isa = XCBuildConfiguration;
			buildSettings = {
				PRODUCT_NAME = "$(TARGET_NAME)";
			};
			name = Debug;
		};
		BF08DB9F20BB3CC0006CD1D2 /* Release */ = {
			isa = XCBuildConfiguration;
			buildSettings = {
				PRODUCT_NAME = "$(TARGET_NAME)";
			};
			name = Release;
		};
/* End XCBuildConfiguration section */

/* Begin XCConfigurationList section */
		BF08DB9120BB3CC0006CD1D2 /* Build configuration list for PBXProject "tp_3_laboratorio_1" */ = {
			isa = XCConfigurationList;
			buildConfigurations = (
				BF08DB9B20BB3CC0006CD1D2 /* Debug */,
				BF08DB9C20BB3CC0006CD1D2 /* Release */,
			);
			defaultConfigurationIsVisible = 0;
			defaultConfigurationName = Release;
		};
		BF08DB9D20BB3CC0006CD1D2 /* Build configuration list for PBXNativeTarget "tp_3_laboratorio_1" */ = {
			isa = XCConfigurationList;
			buildConfigurations = (
				BF08DB9E20BB3CC0006CD1D2 /* Debug */,
				BF08DB9F20BB3CC0006CD1D2 /* Release */,
			);
			defaultConfigurationIsVisible = 0;
			defaultConfigurationName = Release;
		};
/* End XCConfigurationList section */
	};
	rootObject = BF08DB8E20BB3CC0006CD1D2 /* Project object */;
}
